
Microsoft Visual Studio Solution File, Format Version 12.00
# Visual Studio Version 16
VisualStudioVersion = 16.0.31019.35
MinimumVisualStudioVersion = 10.0.40219.1
Project("{F184B08F-C81C-45F6-A57F-5ABD9991F28F}") = "General Ledger", "General Ledger\General Ledger.vbproj", "{0B83ACFD-737F-4CAF-98DC-CB704EC25218}"
EndProject
Project("{2150E333-8FDC-42A3-9474-1A3956D46DE8}") = "Solution Items", "Solution Items", "{1778C83B-B972-488D-BD30-70A781902CFB}"
	ProjectSection(SolutionItems) = preProject
		.editorconfig = .editorconfig
	EndProjectSection
EndProject
Global
	GlobalSection(SolutionConfigurationPlatforms) = preSolution
		Debug|Any CPU = Debug|Any CPU
		Release|Any CPU = Release|Any CPU
	EndGlobalSection
	GlobalSection(ProjectConfigurationPlatforms) = postSolution
		{0B83ACFD-737F-4CAF-98DC-CB704EC25218}.Debug|Any CPU.ActiveCfg = Debug|Any CPU
		{0B83ACFD-737F-4CAF-98DC-CB704EC25218}.Debug|Any CPU.Build.0 = Debug|Any CPU
		{0B83ACFD-737F-4CAF-98DC-CB704EC25218}.Release|Any CPU.ActiveCfg = Release|Any CPU
		{0B83ACFD-737F-4CAF-98DC-CB704EC25218}.Release|Any CPU.Build.0 = Release|Any CPU
	EndGlobalSection
	GlobalSection(SolutionProperties) = preSolution
		HideSolutionNode = FALSE
	EndGlobalSection
	GlobalSection(ExtensibilityGlobals) = postSolution
		SolutionGuid = {BDF9E5C8-0EA4-405E-AF4B-C20E6436F8DA}
	EndGlobalSection
EndGlobal
